
Microsoft Visual Studio Solution File, Format Version 12.00
# Visual Studio Version 16
VisualStudioVersion = 16.0.30114.105
MinimumVisualStudioVersion = 10.0.40219.1
Project("{FAE04EC0-301F-11D3-BF4B-00C04F79EFBC}") = "DotnetStarter", "DotnetStarter\DotnetStarter.csproj", "{C3B0EABC-6890-4B6B-A0AD-CA5A7ED0D67E}"
EndProject
Project("{FAE04EC0-301F-11D3-BF4B-00C04F79EFBC}") = "DotnetStarter.Tests", "DotnetStarter.Tests\DotnetStarter.Tests.csproj", "{29573F99-1947-45A1-851B-17EC88097217}"
EndProject
Global
	GlobalSection(SolutionConfigurationPlatforms) = preSolution
		Debug|Any CPU = Debug|Any CPU
		Debug|x64 = Debug|x64
		Debug|x86 = Debug|x86
		Release|Any CPU = Release|Any CPU
		Release|x64 = Release|x64
		Release|x86 = Release|x86
	EndGlobalSection
	GlobalSection(SolutionProperties) = preSolution
		HideSolutionNode = FALSE
	EndGlobalSection
	GlobalSection(ProjectConfigurationPlatforms) = postSolution
		{C3B0EABC-6890-4B6B-A0AD-CA5A7ED0D67E}.Debug|Any CPU.ActiveCfg = Debug|Any CPU
		{C3B0EABC-6890-4B6B-A0AD-CA5A7ED0D67E}.Debug|Any CPU.Build.0 = Debug|Any CPU
		{C3B0EABC-6890-4B6B-A0AD-CA5A7ED0D67E}.Debug|x64.ActiveCfg = Debug|Any CPU
		{C3B0EABC-6890-4B6B-A0AD-CA5A7ED0D67E}.Debug|x64.Build.0 = Debug|Any CPU
		{C3B0EABC-6890-4B6B-A0AD-CA5A7ED0D67E}.Debug|x86.ActiveCfg = Debug|Any CPU
		{C3B0EABC-6890-4B6B-A0AD-CA5A7ED0D67E}.Debug|x86.Build.0 = Debug|Any CPU
		{C3B0EABC-6890-4B6B-A0AD-CA5A7ED0D67E}.Release|Any CPU.ActiveCfg = Release|Any CPU
		{C3B0EABC-6890-4B6B-A0AD-CA5A7ED0D67E}.Release|Any CPU.Build.0 = Release|Any CPU
		{C3B0EABC-6890-4B6B-A0AD-CA5A7ED0D67E}.Release|x64.ActiveCfg = Release|Any CPU
		{C3B0EABC-6890-4B6B-A0AD-CA5A7ED0D67E}.Release|x64.Build.0 = Release|Any CPU
		{C3B0EABC-6890-4B6B-A0AD-CA5A7ED0D67E}.Release|x86.ActiveCfg = Release|Any CPU
		{C3B0EABC-6890-4B6B-A0AD-CA5A7ED0D67E}.Release|x86.Build.0 = Release|Any CPU
		{29573F99-1947-45A1-851B-17EC88097217}.Debug|Any CPU.ActiveCfg = Debug|Any CPU
		{29573F99-1947-45A1-851B-17EC88097217}.Debug|Any CPU.Build.0 = Debug|Any CPU
		{29573F99-1947-45A1-851B-17EC88097217}.Debug|x64.ActiveCfg = Debug|Any CPU
		{29573F99-1947-45A1-851B-17EC88097217}.Debug|x64.Build.0 = Debug|Any CPU
		{29573F99-1947-45A1-851B-17EC88097217}.Debug|x86.ActiveCfg = Debug|Any CPU
		{29573F99-1947-45A1-851B-17EC88097217}.Debug|x86.Build.0 = Debug|Any CPU
		{29573F99-1947-45A1-851B-17EC88097217}.Release|Any CPU.ActiveCfg = Release|Any CPU
		{29573F99-1947-45A1-851B-17EC88097217}.Release|Any CPU.Build.0 = Release|Any CPU
		{29573F99-1947-45A1-851B-17EC88097217}.Release|x64.ActiveCfg = Release|Any CPU
		{29573F99-1947-45A1-851B-17EC88097217}.Release|x64.Build.0 = Release|Any CPU
		{29573F99-1947-45A1-851B-17EC88097217}.Release|x86.ActiveCfg = Release|Any CPU
		{29573F99-1947-45A1-851B-17EC88097217}.Release|x86.Build.0 = Release|Any CPU
	EndGlobalSection
EndGlobal
